// !$*UTF8*$!
{
	archiveVersion = 1;
	classes = {
	};
	objectVersion = 55;
	objects = {

/* Begin PBXBuildFile section */
		5C3D505029A67060002EC711 /* MoviesDetailsVC.swift in Sources */ = {isa = PBXBuildFile; fileRef = 5C3D504E29A67060002EC711 /* MoviesDetailsVC.swift */; };
		5C3D505129A67060002EC711 /* MoviesDetailsVC.xib in Resources */ = {isa = PBXBuildFile; fileRef = 5C3D504F29A67060002EC711 /* MoviesDetailsVC.xib */; };
		5C51A43729A521DF001302CD /* FavCell.swift in Sources */ = {isa = PBXBuildFile; fileRef = 5C51A43529A521DE001302CD /* FavCell.swift */; };
		5C51A43829A521DF001302CD /* FavCell.xib in Resources */ = {isa = PBXBuildFile; fileRef = 5C51A43629A521DF001302CD /* FavCell.xib */; };
		5C51A43B29A523D5001302CD /* ViewAllCell.swift in Sources */ = {isa = PBXBuildFile; fileRef = 5C51A43929A523D5001302CD /* ViewAllCell.swift */; };
		5C51A43C29A523D5001302CD /* ViewAllCell.xib in Resources */ = {isa = PBXBuildFile; fileRef = 5C51A43A29A523D5001302CD /* ViewAllCell.xib */; };
		5C90942929A0A03F00D781BA /* AIExtenstion.swift in Sources */ = {isa = PBXBuildFile; fileRef = 5C90941F29A0A03E00D781BA /* AIExtenstion.swift */; };
		5C90942A29A0A03F00D781BA /* AIGlobel.swift in Sources */ = {isa = PBXBuildFile; fileRef = 5C90942029A0A03E00D781BA /* AIGlobel.swift */; };
		5C90942B29A0A03F00D781BA /* CustomView.swift in Sources */ = {isa = PBXBuildFile; fileRef = 5C90942229A0A03E00D781BA /* CustomView.swift */; };
		5C90942C29A0A03F00D781BA /* CustomButton.swift in Sources */ = {isa = PBXBuildFile; fileRef = 5C90942329A0A03F00D781BA /* CustomButton.swift */; };
		5C90942D29A0A03F00D781BA /* xUIButton.swift in Sources */ = {isa = PBXBuildFile; fileRef = 5C90942429A0A03F00D781BA /* xUIButton.swift */; };
		5C90942E29A0A03F00D781BA /* CustomTextField.swift in Sources */ = {isa = PBXBuildFile; fileRef = 5C90942529A0A03F00D781BA /* CustomTextField.swift */; };
		5C90942F29A0A03F00D781BA /* CustomImageView.swift in Sources */ = {isa = PBXBuildFile; fileRef = 5C90942629A0A03F00D781BA /* CustomImageView.swift */; };
		5C90943029A0A03F00D781BA /* CustomTextview.swift in Sources */ = {isa = PBXBuildFile; fileRef = 5C90942729A0A03F00D781BA /* CustomTextview.swift */; };
		5C90943129A0A03F00D781BA /* CustomLabel.swift in Sources */ = {isa = PBXBuildFile; fileRef = 5C90942829A0A03F00D781BA /* CustomLabel.swift */; };
		5C90D8F529A50CDB001D24CD /* HomeVC.swift in Sources */ = {isa = PBXBuildFile; fileRef = 5C90D8F329A50CDB001D24CD /* HomeVC.swift */; };
		5C90D8F629A50CDB001D24CD /* HomeVC.xib in Resources */ = {isa = PBXBuildFile; fileRef = 5C90D8F429A50CDB001D24CD /* HomeVC.xib */; };
		5C95D5B229A0E8100052C0E5 /* AllMoviesVC.swift in Sources */ = {isa = PBXBuildFile; fileRef = 5C95D5B029A0E8100052C0E5 /* AllMoviesVC.swift */; };
		5C95D5B329A0E8100052C0E5 /* AllMoviesVC.xib in Resources */ = {isa = PBXBuildFile; fileRef = 5C95D5B129A0E8100052C0E5 /* AllMoviesVC.xib */; };
		5C95D5B729A0E8460052C0E5 /* MoviesCell.swift in Sources */ = {isa = PBXBuildFile; fileRef = 5C95D5B529A0E8460052C0E5 /* MoviesCell.swift */; };
		5C95D5B829A0E8460052C0E5 /* MoviesCell.xib in Resources */ = {isa = PBXBuildFile; fileRef = 5C95D5B629A0E8460052C0E5 /* MoviesCell.xib */; };
		5C95D5BB29A0E9040052C0E5 /* staff_picks.json in Resources */ = {isa = PBXBuildFile; fileRef = 5C95D5B929A0E9040052C0E5 /* staff_picks.json */; };
		5C95D5BC29A0E9040052C0E5 /* movies.json in Resources */ = {isa = PBXBuildFile; fileRef = 5C95D5BA29A0E9040052C0E5 /* movies.json */; };
		5CB7815529A09B9F00160F93 /* AppDelegate.swift in Sources */ = {isa = PBXBuildFile; fileRef = 5CB7815429A09B9F00160F93 /* AppDelegate.swift */; };
		5CB7815729A09B9F00160F93 /* SceneDelegate.swift in Sources */ = {isa = PBXBuildFile; fileRef = 5CB7815629A09B9F00160F93 /* SceneDelegate.swift */; };
		5CB7815929A09B9F00160F93 /* ViewController.swift in Sources */ = {isa = PBXBuildFile; fileRef = 5CB7815829A09B9F00160F93 /* ViewController.swift */; };
		5CB7815C29A09B9F00160F93 /* Main.storyboard in Resources */ = {isa = PBXBuildFile; fileRef = 5CB7815A29A09B9F00160F93 /* Main.storyboard */; };
		5CB7815E29A09BA600160F93 /* Assets.xcassets in Resources */ = {isa = PBXBuildFile; fileRef = 5CB7815D29A09BA600160F93 /* Assets.xcassets */; };
		5CB7816129A09BA600160F93 /* LaunchScreen.storyboard in Resources */ = {isa = PBXBuildFile; fileRef = 5CB7815F29A09BA600160F93 /* LaunchScreen.storyboard */; };
		5CB7816F29A09C8F00160F93 /* SignUpVC.swift in Sources */ = {isa = PBXBuildFile; fileRef = 5CB7816D29A09C8F00160F93 /* SignUpVC.swift */; };
		5CB7817029A09C8F00160F93 /* SignUpVC.xib in Resources */ = {isa = PBXBuildFile; fileRef = 5CB7816E29A09C8F00160F93 /* SignUpVC.xib */; };
		9EDADED8448DF396725310B2 /* Pods_MoviesApp.framework in Frameworks */ = {isa = PBXBuildFile; fileRef = 78D2BE97A2F770D4ACFD111D /* Pods_MoviesApp.framework */; };
/* End PBXBuildFile section */

/* Begin PBXFileReference section */
		1B0661D6EA9B33C1B96CDD09 /* Pods-MoviesApp.release.xcconfig */ = {isa = PBXFileReference; includeInIndex = 1; lastKnownFileType = text.xcconfig; name = "Pods-MoviesApp.release.xcconfig"; path = "Target Support Files/Pods-MoviesApp/Pods-MoviesApp.release.xcconfig"; sourceTree = "<group>"; };
		5C3D504E29A67060002EC711 /* MoviesDetailsVC.swift */ = {isa = PBXFileReference; lastKnownFileType = sourcecode.swift; path = MoviesDetailsVC.swift; sourceTree = "<group>"; };
		5C3D504F29A67060002EC711 /* MoviesDetailsVC.xib */ = {isa = PBXFileReference; lastKnownFileType = file.xib; path = MoviesDetailsVC.xib; sourceTree = "<group>"; };
		5C51A43529A521DE001302CD /* FavCell.swift */ = {isa = PBXFileReference; lastKnownFileType = sourcecode.swift; path = FavCell.swift; sourceTree = "<group>"; };
		5C51A43629A521DF001302CD /* FavCell.xib */ = {isa = PBXFileReference; lastKnownFileType = file.xib; path = FavCell.xib; sourceTree = "<group>"; };
		5C51A43929A523D5001302CD /* ViewAllCell.swift */ = {isa = PBXFileReference; lastKnownFileType = sourcecode.swift; path = ViewAllCell.swift; sourceTree = "<group>"; };
		5C51A43A29A523D5001302CD /* ViewAllCell.xib */ = {isa = PBXFileReference; lastKnownFileType = file.xib; path = ViewAllCell.xib; sourceTree = "<group>"; };
		5C90941F29A0A03E00D781BA /* AIExtenstion.swift */ = {isa = PBXFileReference; fileEncoding = 4; lastKnownFileType = sourcecode.swift; path = AIExtenstion.swift; sourceTree = "<group>"; };
		5C90942029A0A03E00D781BA /* AIGlobel.swift */ = {isa = PBXFileReference; fileEncoding = 4; lastKnownFileType = sourcecode.swift; path = AIGlobel.swift; sourceTree = "<group>"; };
		5C90942229A0A03E00D781BA /* CustomView.swift */ = {isa = PBXFileReference; fileEncoding = 4; lastKnownFileType = sourcecode.swift; path = CustomView.swift; sourceTree = "<group>"; };
		5C90942329A0A03F00D781BA /* CustomButton.swift */ = {isa = PBXFileReference; fileEncoding = 4; lastKnownFileType = sourcecode.swift; path = CustomButton.swift; sourceTree = "<group>"; };
		5C90942429A0A03F00D781BA /* xUIButton.swift */ = {isa = PBXFileReference; fileEncoding = 4; lastKnownFileType = sourcecode.swift; path = xUIButton.swift; sourceTree = "<group>"; };
		5C90942529A0A03F00D781BA /* CustomTextField.swift */ = {isa = PBXFileReference; fileEncoding = 4; lastKnownFileType = sourcecode.swift; path = CustomTextField.swift; sourceTree = "<group>"; };
		5C90942629A0A03F00D781BA /* CustomImageView.swift */ = {isa = PBXFileReference; fileEncoding = 4; lastKnownFileType = sourcecode.swift; path = CustomImageView.swift; sourceTree = "<group>"; };
		5C90942729A0A03F00D781BA /* CustomTextview.swift */ = {isa = PBXFileReference; fileEncoding = 4; lastKnownFileType = sourcecode.swift; path = CustomTextview.swift; sourceTree = "<group>"; };
		5C90942829A0A03F00D781BA /* CustomLabel.swift */ = {isa = PBXFileReference; fileEncoding = 4; lastKnownFileType = sourcecode.swift; path = CustomLabel.swift; sourceTree = "<group>"; };
		5C90D8F329A50CDB001D24CD /* HomeVC.swift */ = {isa = PBXFileReference; lastKnownFileType = sourcecode.swift; path = HomeVC.swift; sourceTree = "<group>"; };
		5C90D8F429A50CDB001D24CD /* HomeVC.xib */ = {isa = PBXFileReference; lastKnownFileType = file.xib; path = HomeVC.xib; sourceTree = "<group>"; };
		5C95D5B029A0E8100052C0E5 /* AllMoviesVC.swift */ = {isa = PBXFileReference; lastKnownFileType = sourcecode.swift; path = AllMoviesVC.swift; sourceTree = "<group>"; };
		5C95D5B129A0E8100052C0E5 /* AllMoviesVC.xib */ = {isa = PBXFileReference; lastKnownFileType = file.xib; path = AllMoviesVC.xib; sourceTree = "<group>"; };
		5C95D5B529A0E8460052C0E5 /* MoviesCell.swift */ = {isa = PBXFileReference; lastKnownFileType = sourcecode.swift; path = MoviesCell.swift; sourceTree = "<group>"; };
		5C95D5B629A0E8460052C0E5 /* MoviesCell.xib */ = {isa = PBXFileReference; lastKnownFileType = file.xib; path = MoviesCell.xib; sourceTree = "<group>"; };
		5C95D5B929A0E9040052C0E5 /* staff_picks.json */ = {isa = PBXFileReference; fileEncoding = 4; lastKnownFileType = text.json; path = staff_picks.json; sourceTree = "<group>"; };
		5C95D5BA29A0E9040052C0E5 /* movies.json */ = {isa = PBXFileReference; fileEncoding = 4; lastKnownFileType = text.json; path = movies.json; sourceTree = "<group>"; };
		5CB7815129A09B9F00160F93 /* MoviesApp.app */ = {isa = PBXFileReference; explicitFileType = wrapper.application; includeInIndex = 0; path = MoviesApp.app; sourceTree = BUILT_PRODUCTS_DIR; };
		5CB7815429A09B9F00160F93 /* AppDelegate.swift */ = {isa = PBXFileReference; lastKnownFileType = sourcecode.swift; path = AppDelegate.swift; sourceTree = "<group>"; };
		5CB7815629A09B9F00160F93 /* SceneDelegate.swift */ = {isa = PBXFileReference; lastKnownFileType = sourcecode.swift; path = SceneDelegate.swift; sourceTree = "<group>"; };
		5CB7815829A09B9F00160F93 /* ViewController.swift */ = {isa = PBXFileReference; lastKnownFileType = sourcecode.swift; path = ViewController.swift; sourceTree = "<group>"; };
		5CB7815B29A09B9F00160F93 /* Base */ = {isa = PBXFileReference; lastKnownFileType = file.storyboard; name = Base; path = Base.lproj/Main.storyboard; sourceTree = "<group>"; };
		5CB7815D29A09BA600160F93 /* Assets.xcassets */ = {isa = PBXFileReference; lastKnownFileType = folder.assetcatalog; path = Assets.xcassets; sourceTree = "<group>"; };
		5CB7816029A09BA600160F93 /* Base */ = {isa = PBXFileReference; lastKnownFileType = file.storyboard; name = Base; path = Base.lproj/LaunchScreen.storyboard; sourceTree = "<group>"; };
		5CB7816229A09BA600160F93 /* Info.plist */ = {isa = PBXFileReference; lastKnownFileType = text.plist.xml; path = Info.plist; sourceTree = "<group>"; };
		5CB7816D29A09C8F00160F93 /* SignUpVC.swift */ = {isa = PBXFileReference; lastKnownFileType = sourcecode.swift; path = SignUpVC.swift; sourceTree = "<group>"; };
		5CB7816E29A09C8F00160F93 /* SignUpVC.xib */ = {isa = PBXFileReference; lastKnownFileType = file.xib; path = SignUpVC.xib; sourceTree = "<group>"; };
		78D2BE97A2F770D4ACFD111D /* Pods_MoviesApp.framework */ = {isa = PBXFileReference; explicitFileType = wrapper.framework; includeInIndex = 0; path = Pods_MoviesApp.framework; sourceTree = BUILT_PRODUCTS_DIR; };
		D2E6FDE98C6E8908CDD55303 /* Pods-MoviesApp.debug.xcconfig */ = {isa = PBXFileReference; includeInIndex = 1; lastKnownFileType = text.xcconfig; name = "Pods-MoviesApp.debug.xcconfig"; path = "Target Support Files/Pods-MoviesApp/Pods-MoviesApp.debug.xcconfig"; sourceTree = "<group>"; };
/* End PBXFileReference section */

/* Begin PBXFrameworksBuildPhase section */
		5CB7814E29A09B9E00160F93 /* Frameworks */ = {
			isa = PBXFrameworksBuildPhase;
			buildActionMask = 2147483647;
			files = (
				9EDADED8448DF396725310B2 /* Pods_MoviesApp.framework in Frameworks */,
			);
			runOnlyForDeploymentPostprocessing = 0;
		};
/* End PBXFrameworksBuildPhase section */

/* Begin PBXGroup section */
		42F253558868F8EA7943942B /* Frameworks */ = {
			isa = PBXGroup;
			children = (
				78D2BE97A2F770D4ACFD111D /* Pods_MoviesApp.framework */,
			);
			name = Frameworks;
			sourceTree = "<group>";
		};
		5C3D504D29A67021002EC711 /* MovieDetailVC */ = {
			isa = PBXGroup;
			children = (
				5C3D504E29A67060002EC711 /* MoviesDetailsVC.swift */,
				5C3D504F29A67060002EC711 /* MoviesDetailsVC.xib */,
			);
			path = MovieDetailVC;
			sourceTree = "<group>";
		};
		5C51A43429A521B4001302CD /* Cells */ = {
			isa = PBXGroup;
			children = (
				5C51A43529A521DE001302CD /* FavCell.swift */,
				5C51A43629A521DF001302CD /* FavCell.xib */,
				5C51A43929A523D5001302CD /* ViewAllCell.swift */,
				5C51A43A29A523D5001302CD /* ViewAllCell.xib */,
			);
			path = Cells;
			sourceTree = "<group>";
		};
		5C90942129A0A03E00D781BA /* IBDesignableX */ = {
			isa = PBXGroup;
			children = (
				5C90942229A0A03E00D781BA /* CustomView.swift */,
				5C90942329A0A03F00D781BA /* CustomButton.swift */,
				5C90942429A0A03F00D781BA /* xUIButton.swift */,
				5C90942529A0A03F00D781BA /* CustomTextField.swift */,
				5C90942629A0A03F00D781BA /* CustomImageView.swift */,
				5C90942729A0A03F00D781BA /* CustomTextview.swift */,
				5C90942829A0A03F00D781BA /* CustomLabel.swift */,
			);
			path = IBDesignableX;
			sourceTree = "<group>";
		};
		5C90D8F229A50CAC001D24CD /* HomeVc */ = {
			isa = PBXGroup;
			children = (
				5C51A43429A521B4001302CD /* Cells */,
				5C90D8F329A50CDB001D24CD /* HomeVC.swift */,
				5C90D8F429A50CDB001D24CD /* HomeVC.xib */,
			);
			path = HomeVc;
			sourceTree = "<group>";
		};
		5C95D5AF29A0E7EF0052C0E5 /* AllMoviesVC */ = {
			isa = PBXGroup;
			children = (
				5C95D5B429A0E82F0052C0E5 /* Cells */,
				5C95D5B029A0E8100052C0E5 /* AllMoviesVC.swift */,
				5C95D5B129A0E8100052C0E5 /* AllMoviesVC.xib */,
			);
			path = AllMoviesVC;
			sourceTree = "<group>";
		};
		5C95D5B429A0E82F0052C0E5 /* Cells */ = {
			isa = PBXGroup;
			children = (
				5C95D5B529A0E8460052C0E5 /* MoviesCell.swift */,
				5C95D5B629A0E8460052C0E5 /* MoviesCell.xib */,
			);
			path = Cells;
			sourceTree = "<group>";
		};
		5CB7814829A09B9E00160F93 = {
			isa = PBXGroup;
			children = (
				5C95D5BA29A0E9040052C0E5 /* movies.json */,
				5C95D5B929A0E9040052C0E5 /* staff_picks.json */,
				5CB7815329A09B9F00160F93 /* MoviesApp */,
				5CB7815229A09B9F00160F93 /* Products */,
				B172B742968AFE4039C92669 /* Pods */,
				42F253558868F8EA7943942B /* Frameworks */,
			);
			sourceTree = "<group>";
		};
		5CB7815229A09B9F00160F93 /* Products */ = {
			isa = PBXGroup;
			children = (
				5CB7815129A09B9F00160F93 /* MoviesApp.app */,
			);
			name = Products;
			sourceTree = "<group>";
		};
		5CB7815329A09B9F00160F93 /* MoviesApp */ = {
			isa = PBXGroup;
			children = (
				5CB7816829A09C5F00160F93 /* Utilities */,
				5CB7816929A09C5F00160F93 /* ViewController */,
				5CB7815429A09B9F00160F93 /* AppDelegate.swift */,
				5CB7815629A09B9F00160F93 /* SceneDelegate.swift */,
				5CB7815829A09B9F00160F93 /* ViewController.swift */,
				5CB7815A29A09B9F00160F93 /* Main.storyboard */,
				5CB7815D29A09BA600160F93 /* Assets.xcassets */,
				5CB7815F29A09BA600160F93 /* LaunchScreen.storyboard */,
				5CB7816229A09BA600160F93 /* Info.plist */,
			);
			path = MoviesApp;
			sourceTree = "<group>";
		};
		5CB7816829A09C5F00160F93 /* Utilities */ = {
			isa = PBXGroup;
			children = (
				5C90941F29A0A03E00D781BA /* AIExtenstion.swift */,
				5C90942029A0A03E00D781BA /* AIGlobel.swift */,
				5C90942129A0A03E00D781BA /* IBDesignableX */,
			);
			path = Utilities;
			sourceTree = SOURCE_ROOT;
		};
		5CB7816929A09C5F00160F93 /* ViewController */ = {
			isa = PBXGroup;
			children = (
				5C3D504D29A67021002EC711 /* MovieDetailVC */,
				5C90D8F229A50CAC001D24CD /* HomeVc */,
				5C95D5AF29A0E7EF0052C0E5 /* AllMoviesVC */,
				5CB7816A29A09C5F00160F93 /* SignUpVC */,
			);
			path = ViewController;
			sourceTree = SOURCE_ROOT;
		};
		5CB7816A29A09C5F00160F93 /* SignUpVC */ = {
			isa = PBXGroup;
			children = (
				5CB7816B29A09C5F00160F93 /* Controller */,
			);
			path = SignUpVC;
			sourceTree = "<group>";
		};
		5CB7816B29A09C5F00160F93 /* Controller */ = {
			isa = PBXGroup;
			children = (
				5CB7816D29A09C8F00160F93 /* SignUpVC.swift */,
				5CB7816E29A09C8F00160F93 /* SignUpVC.xib */,
			);
			path = Controller;
			sourceTree = "<group>";
		};
		B172B742968AFE4039C92669 /* Pods */ = {
			isa = PBXGroup;
			children = (
				D2E6FDE98C6E8908CDD55303 /* Pods-MoviesApp.debug.xcconfig */,
				1B0661D6EA9B33C1B96CDD09 /* Pods-MoviesApp.release.xcconfig */,
			);
			path = Pods;
			sourceTree = "<group>";
		};
/* End PBXGroup section */

/* Begin PBXNativeTarget section */
		5CB7815029A09B9E00160F93 /* MoviesApp */ = {
			isa = PBXNativeTarget;
			buildConfigurationList = 5CB7816529A09BA600160F93 /* Build configuration list for PBXNativeTarget "MoviesApp" */;
			buildPhases = (
				C97B1DB51B07D216FDE8FBEF /* [CP] Check Pods Manifest.lock */,
				5CB7814D29A09B9E00160F93 /* Sources */,
				5CB7814E29A09B9E00160F93 /* Frameworks */,
				5CB7814F29A09B9E00160F93 /* Resources */,
				FC3937B0C840502CCF93DE7F /* [CP] Embed Pods Frameworks */,
			);
			buildRules = (
			);
			dependencies = (
			);
			name = MoviesApp;
			productName = MoviesApp;
			productReference = 5CB7815129A09B9F00160F93 /* MoviesApp.app */;
			productType = "com.apple.product-type.application";
		};
/* End PBXNativeTarget section */

/* Begin PBXProject section */
		5CB7814929A09B9E00160F93 /* Project object */ = {
			isa = PBXProject;
			attributes = {
				BuildIndependentTargetsInParallel = 1;
				LastSwiftUpdateCheck = 1320;
				LastUpgradeCheck = 1320;
				TargetAttributes = {
					5CB7815029A09B9E00160F93 = {
						CreatedOnToolsVersion = 13.2.1;
					};
				};
			};
			buildConfigurationList = 5CB7814C29A09B9E00160F93 /* Build configuration list for PBXProject "MoviesApp" */;
			compatibilityVersion = "Xcode 13.0";
			developmentRegion = en;
			hasScannedForEncodings = 0;
			knownRegions = (
				en,
				Base,
			);
			mainGroup = 5CB7814829A09B9E00160F93;
			productRefGroup = 5CB7815229A09B9F00160F93 /* Products */;
			projectDirPath = "";
			projectRoot = "";
			targets = (
				5CB7815029A09B9E00160F93 /* MoviesApp */,
			);
		};
/* End PBXProject section */

/* Begin PBXResourcesBuildPhase section */
		5CB7814F29A09B9E00160F93 /* Resources */ = {
			isa = PBXResourcesBuildPhase;
			buildActionMask = 2147483647;
			files = (
				5CB7817029A09C8F00160F93 /* SignUpVC.xib in Resources */,
				5C51A43829A521DF001302CD /* FavCell.xib in Resources */,
				5C3D505129A67060002EC711 /* MoviesDetailsVC.xib in Resources */,
				5C95D5BB29A0E9040052C0E5 /* staff_picks.json in Resources */,
				5CB7816129A09BA600160F93 /* LaunchScreen.storyboard in Resources */,
				5C95D5B829A0E8460052C0E5 /* MoviesCell.xib in Resources */,
				5C90D8F629A50CDB001D24CD /* HomeVC.xib in Resources */,
				5CB7815E29A09BA600160F93 /* Assets.xcassets in Resources */,
				5C95D5B329A0E8100052C0E5 /* AllMoviesVC.xib in Resources */,
				5C95D5BC29A0E9040052C0E5 /* movies.json in Resources */,
				5C51A43C29A523D5001302CD /* ViewAllCell.xib in Resources */,
				5CB7815C29A09B9F00160F93 /* Main.storyboard in Resources */,
			);
			runOnlyForDeploymentPostprocessing = 0;
		};
/* End PBXResourcesBuildPhase section */

/* Begin PBXShellScriptBuildPhase section */
		C97B1DB51B07D216FDE8FBEF /* [CP] Check Pods Manifest.lock */ = {
			isa = PBXShellScriptBuildPhase;
			buildActionMask = 2147483647;
			files = (
			);
			inputFileListPaths = (
			);
			inputPaths = (
				"${PODS_PODFILE_DIR_PATH}/Podfile.lock",
				"${PODS_ROOT}/Manifest.lock",
			);
			name = "[CP] Check Pods Manifest.lock";
			outputFileListPaths = (
			);
			outputPaths = (
				"$(DERIVED_FILE_DIR)/Pods-MoviesApp-checkManifestLockResult.txt",
			);
			runOnlyForDeploymentPostprocessing = 0;
			shellPath = /bin/sh;
			shellScript = "diff \"${PODS_PODFILE_DIR_PATH}/Podfile.lock\" \"${PODS_ROOT}/Manifest.lock\" > /dev/null\nif [ $? != 0 ] ; then\n    # print error to STDERR\n    echo \"error: The sandbox is not in sync with the Podfile.lock. Run 'pod install' or update your CocoaPods installation.\" >&2\n    exit 1\nfi\n# This output is used by Xcode 'outputs' to avoid re-running this script phase.\necho \"SUCCESS\" > \"${SCRIPT_OUTPUT_FILE_0}\"\n";
			showEnvVarsInLog = 0;
		};
		FC3937B0C840502CCF93DE7F /* [CP] Embed Pods Frameworks */ = {
			isa = PBXShellScriptBuildPhase;
			buildActionMask = 2147483647;
			files = (
			);
			inputFileListPaths = (
				"${PODS_ROOT}/Target Support Files/Pods-MoviesApp/Pods-MoviesApp-frameworks-${CONFIGURATION}-input-files.xcfilelist",
			);
			name = "[CP] Embed Pods Frameworks";
			outputFileListPaths = (
				"${PODS_ROOT}/Target Support Files/Pods-MoviesApp/Pods-MoviesApp-frameworks-${CONFIGURATION}-output-files.xcfilelist",
			);
			runOnlyForDeploymentPostprocessing = 0;
			shellPath = /bin/sh;
			shellScript = "\"${PODS_ROOT}/Target Support Files/Pods-MoviesApp/Pods-MoviesApp-frameworks.sh\"\n";
			showEnvVarsInLog = 0;
		};
/* End PBXShellScriptBuildPhase section */

/* Begin PBXSourcesBuildPhase section */
		5CB7814D29A09B9E00160F93 /* Sources */ = {
			isa = PBXSourcesBuildPhase;
			buildActionMask = 2147483647;
			files = (
				5C90942A29A0A03F00D781BA /* AIGlobel.swift in Sources */,
				5C95D5B729A0E8460052C0E5 /* MoviesCell.swift in Sources */,
				5CB7816F29A09C8F00160F93 /* SignUpVC.swift in Sources */,
				5CB7815929A09B9F00160F93 /* ViewController.swift in Sources */,
				5C90942B29A0A03F00D781BA /* CustomView.swift in Sources */,
				5C90942E29A0A03F00D781BA /* CustomTextField.swift in Sources */,
				5C95D5B229A0E8100052C0E5 /* AllMoviesVC.swift in Sources */,
				5C90942D29A0A03F00D781BA /* xUIButton.swift in Sources */,
				5C90943029A0A03F00D781BA /* CustomTextview.swift in Sources */,
				5C90D8F529A50CDB001D24CD /* HomeVC.swift in Sources */,
				5C51A43729A521DF001302CD /* FavCell.swift in Sources */,
				5C90942C29A0A03F00D781BA /* CustomButton.swift in Sources */,
				5C90942F29A0A03F00D781BA /* CustomImageView.swift in Sources */,
				5C3D505029A67060002EC711 /* MoviesDetailsVC.swift in Sources */,
				5C90943129A0A03F00D781BA /* CustomLabel.swift in Sources */,
				5C51A43B29A523D5001302CD /* ViewAllCell.swift in Sources */,
				5CB7815529A09B9F00160F93 /* AppDelegate.swift in Sources */,
				5CB7815729A09B9F00160F93 /* SceneDelegate.swift in Sources */,
				5C90942929A0A03F00D781BA /* AIExtenstion.swift in Sources */,
			);
			runOnlyForDeploymentPostprocessing = 0;
		};
/* End PBXSourcesBuildPhase section */

/* Begin PBXVariantGroup section */
		5CB7815A29A09B9F00160F93 /* Main.storyboard */ = {
			isa = PBXVariantGroup;
			children = (
				5CB7815B29A09B9F00160F93 /* Base */,
			);
			name = Main.storyboard;
			sourceTree = "<group>";
		};
		5CB7815F29A09BA600160F93 /* LaunchScreen.storyboard */ = {
			isa = PBXVariantGroup;
			children = (
				5CB7816029A09BA600160F93 /* Base */,
			);
			name = LaunchScreen.storyboard;
			sourceTree = "<group>";
		};
/* End PBXVariantGroup section */

/* Begin XCBuildConfiguration section */
		5CB7816329A09BA600160F93 /* Debug */ = {
			isa = XCBuildConfiguration;
			buildSettings = {
				ALWAYS_SEARCH_USER_PATHS = NO;
				CLANG_ANALYZER_NONNULL = YES;
				CLANG_ANALYZER_NUMBER_OBJECT_CONVERSION = YES_AGGRESSIVE;
				CLANG_CXX_LANGUAGE_STANDARD = "gnu++17";
				CLANG_CXX_LIBRARY = "libc++";
				CLANG_ENABLE_MODULES = YES;
				CLANG_ENABLE_OBJC_ARC = YES;
				CLANG_ENABLE_OBJC_WEAK = YES;
				CLANG_WARN_BLOCK_CAPTURE_AUTORELEASING = YES;
				CLANG_WARN_BOOL_CONVERSION = YES;
				CLANG_WARN_COMMA = YES;
				CLANG_WARN_CONSTANT_CONVERSION = YES;
				CLANG_WARN_DEPRECATED_OBJC_IMPLEMENTATIONS = YES;
				CLANG_WARN_DIRECT_OBJC_ISA_USAGE = YES_ERROR;
				CLANG_WARN_DOCUMENTATION_COMMENTS = YES;
				CLANG_WARN_EMPTY_BODY = YES;
				CLANG_WARN_ENUM_CONVERSION = YES;
				CLANG_WARN_INFINITE_RECURSION = YES;
				CLANG_WARN_INT_CONVERSION = YES;
				CLANG_WARN_NON_LITERAL_NULL_CONVERSION = YES;
				CLANG_WARN_OBJC_IMPLICIT_RETAIN_SELF = YES;
				CLANG_WARN_OBJC_LITERAL_CONVERSION = YES;
				CLANG_WARN_OBJC_ROOT_CLASS = YES_ERROR;
				CLANG_WARN_QUOTED_INCLUDE_IN_FRAMEWORK_HEADER = YES;
				CLANG_WARN_RANGE_LOOP_ANALYSIS = YES;
				CLANG_WARN_STRICT_PROTOTYPES = YES;
				CLANG_WARN_SUSPICIOUS_MOVE = YES;
				CLANG_WARN_UNGUARDED_AVAILABILITY = YES_AGGRESSIVE;
				CLANG_WARN_UNREACHABLE_CODE = YES;
				CLANG_WARN__DUPLICATE_METHOD_MATCH = YES;
				COPY_PHASE_STRIP = NO;
				DEBUG_INFORMATION_FORMAT = dwarf;
				ENABLE_STRICT_OBJC_MSGSEND = YES;
				ENABLE_TESTABILITY = YES;
				GCC_C_LANGUAGE_STANDARD = gnu11;
				GCC_DYNAMIC_NO_PIC = NO;
				GCC_NO_COMMON_BLOCKS = YES;
				GCC_OPTIMIZATION_LEVEL = 0;
				GCC_PREPROCESSOR_DEFINITIONS = (
					"DEBUG=1",
					"$(inherited)",
				);
				GCC_WARN_64_TO_32_BIT_CONVERSION = YES;
				GCC_WARN_ABOUT_RETURN_TYPE = YES_ERROR;
				GCC_WARN_UNDECLARED_SELECTOR = YES;
				GCC_WARN_UNINITIALIZED_AUTOS = YES_AGGRESSIVE;
				GCC_WARN_UNUSED_FUNCTION = YES;
				GCC_WARN_UNUSED_VARIABLE = YES;
				IPHONEOS_DEPLOYMENT_TARGET = 15.2;
				MTL_ENABLE_DEBUG_INFO = INCLUDE_SOURCE;
				MTL_FAST_MATH = YES;
				ONLY_ACTIVE_ARCH = YES;
				SDKROOT = iphoneos;
				SWIFT_ACTIVE_COMPILATION_CONDITIONS = DEBUG;
				SWIFT_OPTIMIZATION_LEVEL = "-Onone";
			};
			name = Debug;
		};
		5CB7816429A09BA600160F93 /* Release */ = {
			isa = XCBuildConfiguration;
			buildSettings = {
				ALWAYS_SEARCH_USER_PATHS = NO;
				CLANG_ANALYZER_NONNULL = YES;
				CLANG_ANALYZER_NUMBER_OBJECT_CONVERSION = YES_AGGRESSIVE;
				CLANG_CXX_LANGUAGE_STANDARD = "gnu++17";
				CLANG_CXX_LIBRARY = "libc++";
				CLANG_ENABLE_MODULES = YES;
				CLANG_ENABLE_OBJC_ARC = YES;
				CLANG_ENABLE_OBJC_WEAK = YES;
				CLANG_WARN_BLOCK_CAPTURE_AUTORELEASING = YES;
				CLANG_WARN_BOOL_CONVERSION = YES;
				CLANG_WARN_COMMA = YES;
				CLANG_WARN_CONSTANT_CONVERSION = YES;
				CLANG_WARN_DEPRECATED_OBJC_IMPLEMENTATIONS = YES;
				CLANG_WARN_DIRECT_OBJC_ISA_USAGE = YES_ERROR;
				CLANG_WARN_DOCUMENTATION_COMMENTS = YES;
				CLANG_WARN_EMPTY_BODY = YES;
				CLANG_WARN_ENUM_CONVERSION = YES;
				CLANG_WARN_INFINITE_RECURSION = YES;
				CLANG_WARN_INT_CONVERSION = YES;
				CLANG_WARN_NON_LITERAL_NULL_CONVERSION = YES;
				CLANG_WARN_OBJC_IMPLICIT_RETAIN_SELF = YES;
				CLANG_WARN_OBJC_LITERAL_CONVERSION = YES;
				CLANG_WARN_OBJC_ROOT_CLASS = YES_ERROR;
				CLANG_WARN_QUOTED_INCLUDE_IN_FRAMEWORK_HEADER = YES;
				CLANG_WARN_RANGE_LOOP_ANALYSIS = YES;
				CLANG_WARN_STRICT_PROTOTYPES = YES;
				CLANG_WARN_SUSPICIOUS_MOVE = YES;
				CLANG_WARN_UNGUARDED_AVAILABILITY = YES_AGGRESSIVE;
				CLANG_WARN_UNREACHABLE_CODE = YES;
				CLANG_WARN__DUPLICATE_METHOD_MATCH = YES;
				COPY_PHASE_STRIP = NO;
				DEBUG_INFORMATION_FORMAT = "dwarf-with-dsym";
				ENABLE_NS_ASSERTIONS = NO;
				ENABLE_STRICT_OBJC_MSGSEND = YES;
				GCC_C_LANGUAGE_STANDARD = gnu11;
				GCC_NO_COMMON_BLOCKS = YES;
				GCC_WARN_64_TO_32_BIT_CONVERSION = YES;
				GCC_WARN_ABOUT_RETURN_TYPE = YES_ERROR;
				GCC_WARN_UNDECLARED_SELECTOR = YES;
				GCC_WARN_UNINITIALIZED_AUTOS = YES_AGGRESSIVE;
				GCC_WARN_UNUSED_FUNCTION = YES;
				GCC_WARN_UNUSED_VARIABLE = YES;
				IPHONEOS_DEPLOYMENT_TARGET = 15.2;
				MTL_ENABLE_DEBUG_INFO = NO;
				MTL_FAST_MATH = YES;
				SDKROOT = iphoneos;
				SWIFT_COMPILATION_MODE = wholemodule;
				SWIFT_OPTIMIZATION_LEVEL = "-O";
				VALIDATE_PRODUCT = YES;
			};
			name = Release;
		};
		5CB7816629A09BA600160F93 /* Debug */ = {
			isa = XCBuildConfiguration;
			baseConfigurationReference = D2E6FDE98C6E8908CDD55303 /* Pods-MoviesApp.debug.xcconfig */;
			buildSettings = {
				ASSETCATALOG_COMPILER_APPICON_NAME = AppIcon;
				ASSETCATALOG_COMPILER_GLOBAL_ACCENT_COLOR_NAME = AccentColor;
				CODE_SIGN_STYLE = Automatic;
				CURRENT_PROJECT_VERSION = 1;
				GENERATE_INFOPLIST_FILE = YES;
				INFOPLIST_FILE = MoviesApp/Info.plist;
				INFOPLIST_KEY_UIApplicationSupportsIndirectInputEvents = YES;
				INFOPLIST_KEY_UILaunchStoryboardName = LaunchScreen;
				INFOPLIST_KEY_UIMainStoryboardFile = Main;
				INFOPLIST_KEY_UISupportedInterfaceOrientations_iPad = "UIInterfaceOrientationPortrait UIInterfaceOrientationPortraitUpsideDown UIInterfaceOrientationLandscapeLeft UIInterfaceOrientationLandscapeRight";
				INFOPLIST_KEY_UISupportedInterfaceOrientations_iPhone = "UIInterfaceOrientationPortrait UIInterfaceOrientationLandscapeLeft UIInterfaceOrientationLandscapeRight";
				LD_RUNPATH_SEARCH_PATHS = (
					"$(inherited)",
					"@executable_path/Frameworks",
				);
				MARKETING_VERSION = 1.0;
				PRODUCT_BUNDLE_IDENTIFIER = com.app.MoviesApp;
				PRODUCT_NAME = "$(TARGET_NAME)";
				SWIFT_EMIT_LOC_STRINGS = YES;
				SWIFT_VERSION = 5.0;
				TARGETED_DEVICE_FAMILY = "1,2";
			};
			name = Debug;
		};
		5CB7816729A09BA600160F93 /* Release */ = {
			isa = XCBuildConfiguration;
			baseConfigurationReference = 1B0661D6EA9B33C1B96CDD09 /* Pods-MoviesApp.release.xcconfig */;
			buildSettings = {
				ASSETCATALOG_COMPILER_APPICON_NAME = AppIcon;
				ASSETCATALOG_COMPILER_GLOBAL_ACCENT_COLOR_NAME = AccentColor;
				CODE_SIGN_STYLE = Automatic;
				CURRENT_PROJECT_VERSION = 1;
				GENERATE_INFOPLIST_FILE = YES;
				INFOPLIST_FILE = MoviesApp/Info.plist;
				INFOPLIST_KEY_UIApplicationSupportsIndirectInputEvents = YES;
				INFOPLIST_KEY_UILaunchStoryboardName = LaunchScreen;
				INFOPLIST_KEY_UIMainStoryboardFile = Main;
				INFOPLIST_KEY_UISupportedInterfaceOrientations_iPad = "UIInterfaceOrientationPortrait UIInterfaceOrientationPortraitUpsideDown UIInterfaceOrientationLandscapeLeft UIInterfaceOrientationLandscapeRight";
				INFOPLIST_KEY_UISupportedInterfaceOrientations_iPhone = "UIInterfaceOrientationPortrait UIInterfaceOrientationLandscapeLeft UIInterfaceOrientationLandscapeRight";
				LD_RUNPATH_SEARCH_PATHS = (
					"$(inherited)",
					"@executable_path/Frameworks",
				);
				MARKETING_VERSION = 1.0;
				PRODUCT_BUNDLE_IDENTIFIER = com.app.MoviesApp;
				PRODUCT_NAME = "$(TARGET_NAME)";
				SWIFT_EMIT_LOC_STRINGS = YES;
				SWIFT_VERSION = 5.0;
				TARGETED_DEVICE_FAMILY = "1,2";
			};
			name = Release;
		};
/* End XCBuildConfiguration section */

/* Begin XCConfigurationList section */
		5CB7814C29A09B9E00160F93 /* Build configuration list for PBXProject "MoviesApp" */ = {
			isa = XCConfigurationList;
			buildConfigurations = (
				5CB7816329A09BA600160F93 /* Debug */,
				5CB7816429A09BA600160F93 /* Release */,
			);
			defaultConfigurationIsVisible = 0;
			defaultConfigurationName = Release;
		};
		5CB7816529A09BA600160F93 /* Build configuration list for PBXNativeTarget "MoviesApp" */ = {
			isa = XCConfigurationList;
			buildConfigurations = (
				5CB7816629A09BA600160F93 /* Debug */,
				5CB7816729A09BA600160F93 /* Release */,
			);
			defaultConfigurationIsVisible = 0;
			defaultConfigurationName = Release;
		};
/* End XCConfigurationList section */
	};
	rootObject = 5CB7814929A09B9E00160F93 /* Project object */;
}
